// !$*UTF8*$!
{
	archiveVersion = 1;
	classes = {
	};
	objectVersion = 56;
	objects = {

/* Begin PBXBuildFile section */
		4C24B61629A4075700015B1C /* BoardsScreen.swift in Sources */ = {isa = PBXBuildFile; fileRef = 4C24B61529A4075700015B1C /* BoardsScreen.swift */; };
		4C24B61829A407EC00015B1C /* BoadrsScreen + Presenter.swift in Sources */ = {isa = PBXBuildFile; fileRef = 4C24B61729A407EC00015B1C /* BoadrsScreen + Presenter.swift */; };
		4C24B61C29A5405A00015B1C /* BoardsScreen + CellModels.swift in Sources */ = {isa = PBXBuildFile; fileRef = 4C24B61B29A5405A00015B1C /* BoardsScreen + CellModels.swift */; };
		4C24B62029A7699100015B1C /* ViewControllerOutput.swift in Sources */ = {isa = PBXBuildFile; fileRef = 4C24B61F29A7699100015B1C /* ViewControllerOutput.swift */; };
		4C24B62429A785FF00015B1C /* AppTheme.swift in Sources */ = {isa = PBXBuildFile; fileRef = 4C24B62329A785FF00015B1C /* AppTheme.swift */; };
		4C24B62829A78E9000015B1C /* BoardsScreen + StringsFactory.swift in Sources */ = {isa = PBXBuildFile; fileRef = 4C24B62729A78E9000015B1C /* BoardsScreen + StringsFactory.swift */; };
		4C24B62B29A794DF00015B1C /* BoardsScreen + Interactor.swift in Sources */ = {isa = PBXBuildFile; fileRef = 4C24B62A29A794DF00015B1C /* BoardsScreen + Interactor.swift */; };
		4C24B63429A7D70A00015B1C /* BoardsScreen + PresenterTests.swift in Sources */ = {isa = PBXBuildFile; fileRef = 4C24B63329A7D70A00015B1C /* BoardsScreen + PresenterTests.swift */; };
		4C24B63729A7DA9900015B1C /* BoardsScreenViewControllerMock.swift in Sources */ = {isa = PBXBuildFile; fileRef = 4C24B63629A7DA9800015B1C /* BoardsScreenViewControllerMock.swift */; };
		4C24B63929A7DDEF00015B1C /* BoardsScreenInteractorMock.swift in Sources */ = {isa = PBXBuildFile; fileRef = 4C24B63829A7DDEF00015B1C /* BoardsScreenInteractorMock.swift */; };
		4C24B63E29A8CA9D00015B1C /* FakeError.swift in Sources */ = {isa = PBXBuildFile; fileRef = 4C24B63D29A8CA9D00015B1C /* FakeError.swift */; };
		4C8338EB2995774500ABDAF2 /* AppDelegate.swift in Sources */ = {isa = PBXBuildFile; fileRef = 4C8338EA2995774500ABDAF2 /* AppDelegate.swift */; };
		4C8338ED2995774500ABDAF2 /* SceneDelegate.swift in Sources */ = {isa = PBXBuildFile; fileRef = 4C8338EC2995774500ABDAF2 /* SceneDelegate.swift */; };
		4C8338EF2995774500ABDAF2 /* BoardsScreen + ViewController.swift in Sources */ = {isa = PBXBuildFile; fileRef = 4C8338EE2995774500ABDAF2 /* BoardsScreen + ViewController.swift */; };
		4C8338F52995774500ABDAF2 /* Bump.xcdatamodeld in Sources */ = {isa = PBXBuildFile; fileRef = 4C8338F32995774500ABDAF2 /* Bump.xcdatamodeld */; };
		4C8338F72995774600ABDAF2 /* Assets.xcassets in Resources */ = {isa = PBXBuildFile; fileRef = 4C8338F62995774600ABDAF2 /* Assets.xcassets */; };
		4C83390F2995774700ABDAF2 /* BumpUITests.swift in Sources */ = {isa = PBXBuildFile; fileRef = 4C83390E2995774700ABDAF2 /* BumpUITests.swift */; };
		4C8339112995774700ABDAF2 /* BumpUITestsLaunchTests.swift in Sources */ = {isa = PBXBuildFile; fileRef = 4C8339102995774700ABDAF2 /* BumpUITestsLaunchTests.swift */; };
		4C833922299583D800ABDAF2 /* Request.swift in Sources */ = {isa = PBXBuildFile; fileRef = 4C833921299583D800ABDAF2 /* Request.swift */; };
		4C8339242995845A00ABDAF2 /* NetworkService.swift in Sources */ = {isa = PBXBuildFile; fileRef = 4C8339232995845900ABDAF2 /* NetworkService.swift */; };
		4C8339262996B72F00ABDAF2 /* HTTPMethod.swift in Sources */ = {isa = PBXBuildFile; fileRef = 4C8339252996B72F00ABDAF2 /* HTTPMethod.swift */; };
		4C83392A2996B80600ABDAF2 /* NetworkServiceTests.swift in Sources */ = {isa = PBXBuildFile; fileRef = 4C8339292996B80600ABDAF2 /* NetworkServiceTests.swift */; };
		4C83392C2996BD1700ABDAF2 /* URLSessionFacade.swift in Sources */ = {isa = PBXBuildFile; fileRef = 4C83392B2996BD1700ABDAF2 /* URLSessionFacade.swift */; };
		4C83392E2996CB3F00ABDAF2 /* URLSessionFacadeSpy.swift in Sources */ = {isa = PBXBuildFile; fileRef = 4C83392D2996CB3F00ABDAF2 /* URLSessionFacadeSpy.swift */; };
		4C83393129979FC100ABDAF2 /* BoardsEndpoint.swift in Sources */ = {isa = PBXBuildFile; fileRef = 4C83393029979FC100ABDAF2 /* BoardsEndpoint.swift */; };
		4C83393329979FE500ABDAF2 /* ThreadsEndpoint.swift in Sources */ = {isa = PBXBuildFile; fileRef = 4C83393229979FE500ABDAF2 /* ThreadsEndpoint.swift */; };
		4C8339352997A00300ABDAF2 /* PostsEndpoint.swift in Sources */ = {isa = PBXBuildFile; fileRef = 4C8339342997A00300ABDAF2 /* PostsEndpoint.swift */; };
		4C8339372997A07E00ABDAF2 /* ThumbnailEndpoint.swift in Sources */ = {isa = PBXBuildFile; fileRef = 4C8339362997A07E00ABDAF2 /* ThumbnailEndpoint.swift */; };
		4C8339412997B4A300ABDAF2 /* CHThreadDetailResponse.swift in Sources */ = {isa = PBXBuildFile; fileRef = 4C83393B2997B4A300ABDAF2 /* CHThreadDetailResponse.swift */; };
		4C8339422997B4A300ABDAF2 /* CHThreadsResponse.swift in Sources */ = {isa = PBXBuildFile; fileRef = 4C83393C2997B4A300ABDAF2 /* CHThreadsResponse.swift */; };
		4C8339442997B4A300ABDAF2 /* CHBoard.swift in Sources */ = {isa = PBXBuildFile; fileRef = 4C83393E2997B4A300ABDAF2 /* CHBoard.swift */; };
		4C8339452997B4A300ABDAF2 /* CHFile.swift in Sources */ = {isa = PBXBuildFile; fileRef = 4C83393F2997B4A300ABDAF2 /* CHFile.swift */; };
		4C8A316E2998EE6300A68038 /* README.md in Resources */ = {isa = PBXBuildFile; fileRef = 4C8A316D2998EE6300A68038 /* README.md */; };
		4CB0243929A911EF00FE34E2 /* BoardsScreen + InteractorTests.swift in Sources */ = {isa = PBXBuildFile; fileRef = 4CB0243829A911EF00FE34E2 /* BoardsScreen + InteractorTests.swift */; };
		4CB0243B29A913CF00FE34E2 /* NetworkServiceMock.swift in Sources */ = {isa = PBXBuildFile; fileRef = 4CB0243A29A913CF00FE34E2 /* NetworkServiceMock.swift */; };
		4CB0243E29A91EDB00FE34E2 /* ThreadsScreen.swift in Sources */ = {isa = PBXBuildFile; fileRef = 4CB0243D29A91EDB00FE34E2 /* ThreadsScreen.swift */; };
		4CB0244029A91F3C00FE34E2 /* ThreadsScreen + Presenter.swift in Sources */ = {isa = PBXBuildFile; fileRef = 4CB0243F29A91F3C00FE34E2 /* ThreadsScreen + Presenter.swift */; };
		4CB0244229A922AB00FE34E2 /* ThreadsScreen + CellModels.swift in Sources */ = {isa = PBXBuildFile; fileRef = 4CB0244129A922AB00FE34E2 /* ThreadsScreen + CellModels.swift */; };
		4CB0244429A9256100FE34E2 /* ThreadsScreen + ViewController.swift in Sources */ = {isa = PBXBuildFile; fileRef = 4CB0244329A9256100FE34E2 /* ThreadsScreen + ViewController.swift */; };
		4CB0244629A927F200FE34E2 /* ThreadsScreen + Interactor.swift in Sources */ = {isa = PBXBuildFile; fileRef = 4CB0244529A927F200FE34E2 /* ThreadsScreen + Interactor.swift */; };
		4CB0244A29A9E7A800FE34E2 /* ThreadsScreen + Cell.swift in Sources */ = {isa = PBXBuildFile; fileRef = 4CB0244929A9E7A800FE34E2 /* ThreadsScreen + Cell.swift */; };
		4CB0244D29AA066900FE34E2 /* LabelView.swift in Sources */ = {isa = PBXBuildFile; fileRef = 4CB0244C29AA066900FE34E2 /* LabelView.swift */; };
		4CB0244F29AA0E6400FE34E2 /* ThreadsScreen + CellConfiguration.swift in Sources */ = {isa = PBXBuildFile; fileRef = 4CB0244E29AA0E6400FE34E2 /* ThreadsScreen + CellConfiguration.swift */; };
		4CB0245829AB780E00FE34E2 /* ThreadDetailScreen + PresenterTests.swift in Sources */ = {isa = PBXBuildFile; fileRef = 4CB0245729AB780E00FE34E2 /* ThreadDetailScreen + PresenterTests.swift */; };
		4CB0245A29AB78B600FE34E2 /* ThreadsScreenViewControllerMock.swift in Sources */ = {isa = PBXBuildFile; fileRef = 4CB0245929AB78B600FE34E2 /* ThreadsScreenViewControllerMock.swift */; };
		4CB0245C29AB7B4300FE34E2 /* ThreadsScreenInteractorMock.swift in Sources */ = {isa = PBXBuildFile; fileRef = 4CB0245B29AB7B4300FE34E2 /* ThreadsScreenInteractorMock.swift */; };
		4CB0245F29ABA76500FE34E2 /* ThreadsScreen + StringsFactory.swift in Sources */ = {isa = PBXBuildFile; fileRef = 4CB0245E29ABA76500FE34E2 /* ThreadsScreen + StringsFactory.swift */; };
		4CB0246129ABBF8100FE34E2 /* ZeroView.swift in Sources */ = {isa = PBXBuildFile; fileRef = 4CB0246029ABBF8100FE34E2 /* ZeroView.swift */; };
		4CB0246329AE7B1600FE34E2 /* ThreadsScreen + PlaceholdersFactory.swift in Sources */ = {isa = PBXBuildFile; fileRef = 4CB0246229AE7B1600FE34E2 /* ThreadsScreen + PlaceholdersFactory.swift */; };
		4CB0246A29B12A7200FE34E2 /* ThreadsScreenPlaceholdersFactoryMock.swift in Sources */ = {isa = PBXBuildFile; fileRef = 4CB0246929B12A7200FE34E2 /* ThreadsScreenPlaceholdersFactoryMock.swift */; };
		4CB0247D29BC646900FE34E2 /* ThreadDetailScreen.swift in Sources */ = {isa = PBXBuildFile; fileRef = 4CB0247C29BC646900FE34E2 /* ThreadDetailScreen.swift */; };
		4CB0247F29BC64AB00FE34E2 /* ThreadDetailScreen + ViewController.swift in Sources */ = {isa = PBXBuildFile; fileRef = 4CB0247E29BC64AB00FE34E2 /* ThreadDetailScreen + ViewController.swift */; };
		4CB0248129BC668900FE34E2 /* ThreadDetailScreen + CellModel.swift in Sources */ = {isa = PBXBuildFile; fileRef = 4CB0248029BC668900FE34E2 /* ThreadDetailScreen + CellModel.swift */; };
		4CB0248329BC683E00FE34E2 /* ThreadDetailScreen + CellConfiguration.swift in Sources */ = {isa = PBXBuildFile; fileRef = 4CB0248229BC683E00FE34E2 /* ThreadDetailScreen + CellConfiguration.swift */; };
		4CB0248529BC686700FE34E2 /* ThreadDetailScreen + Cell.swift in Sources */ = {isa = PBXBuildFile; fileRef = 4CB0248429BC686700FE34E2 /* ThreadDetailScreen + Cell.swift */; };
		4CB0248929BC71B200FE34E2 /* ToolbarView.swift in Sources */ = {isa = PBXBuildFile; fileRef = 4CB0248829BC71B200FE34E2 /* ToolbarView.swift */; };
		4CB0248D29BC95FC00FE34E2 /* ThreadDetailScreen + Presenter.swift in Sources */ = {isa = PBXBuildFile; fileRef = 4CB0248C29BC95FC00FE34E2 /* ThreadDetailScreen + Presenter.swift */; };
		4CB0248F29BC963A00FE34E2 /* ThreadDetailScreen + Interactor.swift in Sources */ = {isa = PBXBuildFile; fileRef = 4CB0248E29BC963A00FE34E2 /* ThreadDetailScreen + Interactor.swift */; };
		4CB0249429BC96D100FE34E2 /* ThreadDetailScreen + StringsFactory.swift in Sources */ = {isa = PBXBuildFile; fileRef = 4CB0249329BC96D100FE34E2 /* ThreadDetailScreen + StringsFactory.swift */; };
		4CB0249B29BFB7D000FE34E2 /* ThreadDetailScreenViewControllerMock.swift in Sources */ = {isa = PBXBuildFile; fileRef = 4CB0249829BFB5E800FE34E2 /* ThreadDetailScreenViewControllerMock.swift */; };
		4CB0249C29BFB7D300FE34E2 /* ThreadDetailScreenInteractorMock.swift in Sources */ = {isa = PBXBuildFile; fileRef = 4CB0249A29BFB5E800FE34E2 /* ThreadDetailScreenInteractorMock.swift */; };
		4CB0249F29BFBAFE00FE34E2 /* ThreadsScreen + PresenterTests.swift in Sources */ = {isa = PBXBuildFile; fileRef = 4CB0249E29BFBAFE00FE34E2 /* ThreadsScreen + PresenterTests.swift */; };
		4CB024A129C0FAD700FE34E2 /* Coordinatable.swift in Sources */ = {isa = PBXBuildFile; fileRef = 4CB024A029C0FAD700FE34E2 /* Coordinatable.swift */; };
		4CB024A329C0FADC00FE34E2 /* Router.swift in Sources */ = {isa = PBXBuildFile; fileRef = 4CB024A229C0FADC00FE34E2 /* Router.swift */; };
		4CB024A729C23C2500FE34E2 /* ThreadsScreen + Payload.swift in Sources */ = {isa = PBXBuildFile; fileRef = 4CB024A629C23C2500FE34E2 /* ThreadsScreen + Payload.swift */; };
		4CB024B329C7160600FE34E2 /* CoordinatorTests.swift in Sources */ = {isa = PBXBuildFile; fileRef = 4CB024B229C7160600FE34E2 /* CoordinatorTests.swift */; };
		4CB024B529C7166600FE34E2 /* RouterSpy.swift in Sources */ = {isa = PBXBuildFile; fileRef = 4CB024B429C7166600FE34E2 /* RouterSpy.swift */; };
		4CB024BE29C7760200FE34E2 /* TextProcessor.swift in Sources */ = {isa = PBXBuildFile; fileRef = 4CB024BD29C774AD00FE34E2 /* TextProcessor.swift */; };
		4CB024C029C777D500FE34E2 /* NSMuttableAttributedString + Extention.swift in Sources */ = {isa = PBXBuildFile; fileRef = 4CB024BF29C777D500FE34E2 /* NSMuttableAttributedString + Extention.swift */; };
		4CB024C229C8CB3600FE34E2 /* DeeplinkManager.swift in Sources */ = {isa = PBXBuildFile; fileRef = 4CB024C129C8CB3600FE34E2 /* DeeplinkManager.swift */; };
		4CB024C429C8CC3400FE34E2 /* DeeplinkEndpoint.swift in Sources */ = {isa = PBXBuildFile; fileRef = 4CB024C329C8CC3400FE34E2 /* DeeplinkEndpoint.swift */; };
		4CB024CA29CEFDBF00FE34E2 /* ThreadDetailScreen + Assembly.swift in Sources */ = {isa = PBXBuildFile; fileRef = 4CB024C929CEFDBF00FE34E2 /* ThreadDetailScreen + Assembly.swift */; };
		4CB024CC29D092FE00FE34E2 /* CoordinatableSpy.swift in Sources */ = {isa = PBXBuildFile; fileRef = 4CB024CB29D092FE00FE34E2 /* CoordinatableSpy.swift */; };
		4CB024D229D0BFA400FE34E2 /* ViewRepresentable.swift in Sources */ = {isa = PBXBuildFile; fileRef = 4CB024D129D0BFA400FE34E2 /* ViewRepresentable.swift */; };
		4CB024D529D1D67C00FE34E2 /* Routable.swift in Sources */ = {isa = PBXBuildFile; fileRef = 4CB024D429D1D67C00FE34E2 /* Routable.swift */; };
		4CB024D829D1E78600FE34E2 /* Coordinator.swift in Sources */ = {isa = PBXBuildFile; fileRef = 4CB024D729D1E78600FE34E2 /* Coordinator.swift */; };
		4CB024E229D3531A00FE34E2 /* DeeplinkManagerTests.swift in Sources */ = {isa = PBXBuildFile; fileRef = 4CB024E129D3531A00FE34E2 /* DeeplinkManagerTests.swift */; };
		4CB024E429D37AF600FE34E2 /* ThreadDetailScreen + InteractorTests.swift in Sources */ = {isa = PBXBuildFile; fileRef = 4CB024E329D37AF600FE34E2 /* ThreadDetailScreen + InteractorTests.swift */; };
		4CB024E629D37C0C00FE34E2 /* ThreadDetailScreenInteractorOutputMock.swift in Sources */ = {isa = PBXBuildFile; fileRef = 4CB024E529D37C0C00FE34E2 /* ThreadDetailScreenInteractorOutputMock.swift */; };
		4CB024E829D3813B00FE34E2 /* DeeplinkManagerStub.swift in Sources */ = {isa = PBXBuildFile; fileRef = 4CB024E729D3813B00FE34E2 /* DeeplinkManagerStub.swift */; };
		4CB024EA29D3831A00FE34E2 /* ThreadDetailScreenOutputSpy.swift in Sources */ = {isa = PBXBuildFile; fileRef = 4CB024E929D3831A00FE34E2 /* ThreadDetailScreenOutputSpy.swift */; };
		4CB024EE29D6114000FE34E2 /* TextProcessorTests.swift in Sources */ = {isa = PBXBuildFile; fileRef = 4CB024ED29D6114000FE34E2 /* TextProcessorTests.swift */; };
/* End PBXBuildFile section */

/* Begin PBXContainerItemProxy section */
		4C8339012995774700ABDAF2 /* PBXContainerItemProxy */ = {
			isa = PBXContainerItemProxy;
			containerPortal = 4C8338DF2995774500ABDAF2 /* Project object */;
			proxyType = 1;
			remoteGlobalIDString = 4C8338E62995774500ABDAF2;
			remoteInfo = Bump;
		};
		4C83390B2995774700ABDAF2 /* PBXContainerItemProxy */ = {
			isa = PBXContainerItemProxy;
			containerPortal = 4C8338DF2995774500ABDAF2 /* Project object */;
			proxyType = 1;
			remoteGlobalIDString = 4C8338E62995774500ABDAF2;
			remoteInfo = Bump;
		};
/* End PBXContainerItemProxy section */

/* Begin PBXFileReference section */
		4C24B61529A4075700015B1C /* BoardsScreen.swift */ = {isa = PBXFileReference; lastKnownFileType = sourcecode.swift; path = BoardsScreen.swift; sourceTree = "<group>"; };
		4C24B61729A407EC00015B1C /* BoadrsScreen + Presenter.swift */ = {isa = PBXFileReference; lastKnownFileType = sourcecode.swift; path = "BoadrsScreen + Presenter.swift"; sourceTree = "<group>"; };
		4C24B61B29A5405A00015B1C /* BoardsScreen + CellModels.swift */ = {isa = PBXFileReference; lastKnownFileType = sourcecode.swift; path = "BoardsScreen + CellModels.swift"; sourceTree = "<group>"; };
		4C24B61F29A7699100015B1C /* ViewControllerOutput.swift */ = {isa = PBXFileReference; lastKnownFileType = sourcecode.swift; path = ViewControllerOutput.swift; sourceTree = "<group>"; };
		4C24B62329A785FF00015B1C /* AppTheme.swift */ = {isa = PBXFileReference; lastKnownFileType = sourcecode.swift; path = AppTheme.swift; sourceTree = "<group>"; };
		4C24B62729A78E9000015B1C /* BoardsScreen + StringsFactory.swift */ = {isa = PBXFileReference; lastKnownFileType = sourcecode.swift; path = "BoardsScreen + StringsFactory.swift"; sourceTree = "<group>"; };
		4C24B62A29A794DF00015B1C /* BoardsScreen + Interactor.swift */ = {isa = PBXFileReference; lastKnownFileType = sourcecode.swift; path = "BoardsScreen + Interactor.swift"; sourceTree = "<group>"; };
		4C24B63329A7D70A00015B1C /* BoardsScreen + PresenterTests.swift */ = {isa = PBXFileReference; lastKnownFileType = sourcecode.swift; path = "BoardsScreen + PresenterTests.swift"; sourceTree = "<group>"; };
		4C24B63629A7DA9800015B1C /* BoardsScreenViewControllerMock.swift */ = {isa = PBXFileReference; lastKnownFileType = sourcecode.swift; path = BoardsScreenViewControllerMock.swift; sourceTree = "<group>"; };
		4C24B63829A7DDEF00015B1C /* BoardsScreenInteractorMock.swift */ = {isa = PBXFileReference; lastKnownFileType = sourcecode.swift; path = BoardsScreenInteractorMock.swift; sourceTree = "<group>"; };
		4C24B63D29A8CA9D00015B1C /* FakeError.swift */ = {isa = PBXFileReference; lastKnownFileType = sourcecode.swift; path = FakeError.swift; sourceTree = "<group>"; };
		4C8338E72995774500ABDAF2 /* Bump.app */ = {isa = PBXFileReference; explicitFileType = wrapper.application; includeInIndex = 0; path = Bump.app; sourceTree = BUILT_PRODUCTS_DIR; };
		4C8338EA2995774500ABDAF2 /* AppDelegate.swift */ = {isa = PBXFileReference; lastKnownFileType = sourcecode.swift; path = AppDelegate.swift; sourceTree = "<group>"; };
		4C8338EC2995774500ABDAF2 /* SceneDelegate.swift */ = {isa = PBXFileReference; lastKnownFileType = sourcecode.swift; path = SceneDelegate.swift; sourceTree = "<group>"; };
		4C8338EE2995774500ABDAF2 /* BoardsScreen + ViewController.swift */ = {isa = PBXFileReference; lastKnownFileType = sourcecode.swift; path = "BoardsScreen + ViewController.swift"; sourceTree = "<group>"; };
		4C8338F42995774500ABDAF2 /* Bump.xcdatamodel */ = {isa = PBXFileReference; lastKnownFileType = wrapper.xcdatamodel; path = Bump.xcdatamodel; sourceTree = "<group>"; };
		4C8338F62995774600ABDAF2 /* Assets.xcassets */ = {isa = PBXFileReference; lastKnownFileType = folder.assetcatalog; path = Assets.xcassets; sourceTree = "<group>"; };
		4C8338FB2995774600ABDAF2 /* Info.plist */ = {isa = PBXFileReference; lastKnownFileType = text.plist.xml; path = Info.plist; sourceTree = "<group>"; };
		4C8339002995774700ABDAF2 /* BumpTests.xctest */ = {isa = PBXFileReference; explicitFileType = wrapper.cfbundle; includeInIndex = 0; path = BumpTests.xctest; sourceTree = BUILT_PRODUCTS_DIR; };
		4C83390A2995774700ABDAF2 /* BumpUITests.xctest */ = {isa = PBXFileReference; explicitFileType = wrapper.cfbundle; includeInIndex = 0; path = BumpUITests.xctest; sourceTree = BUILT_PRODUCTS_DIR; };
		4C83390E2995774700ABDAF2 /* BumpUITests.swift */ = {isa = PBXFileReference; lastKnownFileType = sourcecode.swift; path = BumpUITests.swift; sourceTree = "<group>"; };
		4C8339102995774700ABDAF2 /* BumpUITestsLaunchTests.swift */ = {isa = PBXFileReference; lastKnownFileType = sourcecode.swift; path = BumpUITestsLaunchTests.swift; sourceTree = "<group>"; };
		4C833921299583D800ABDAF2 /* Request.swift */ = {isa = PBXFileReference; lastKnownFileType = sourcecode.swift; path = Request.swift; sourceTree = "<group>"; };
		4C8339232995845900ABDAF2 /* NetworkService.swift */ = {isa = PBXFileReference; fileEncoding = 4; lastKnownFileType = sourcecode.swift; path = NetworkService.swift; sourceTree = "<group>"; };
		4C8339252996B72F00ABDAF2 /* HTTPMethod.swift */ = {isa = PBXFileReference; lastKnownFileType = sourcecode.swift; path = HTTPMethod.swift; sourceTree = "<group>"; };
		4C8339292996B80600ABDAF2 /* NetworkServiceTests.swift */ = {isa = PBXFileReference; lastKnownFileType = sourcecode.swift; path = NetworkServiceTests.swift; sourceTree = "<group>"; };
		4C83392B2996BD1700ABDAF2 /* URLSessionFacade.swift */ = {isa = PBXFileReference; lastKnownFileType = sourcecode.swift; path = URLSessionFacade.swift; sourceTree = "<group>"; };
		4C83392D2996CB3F00ABDAF2 /* URLSessionFacadeSpy.swift */ = {isa = PBXFileReference; lastKnownFileType = sourcecode.swift; path = URLSessionFacadeSpy.swift; sourceTree = "<group>"; };
		4C83393029979FC100ABDAF2 /* BoardsEndpoint.swift */ = {isa = PBXFileReference; lastKnownFileType = sourcecode.swift; path = BoardsEndpoint.swift; sourceTree = "<group>"; };
		4C83393229979FE500ABDAF2 /* ThreadsEndpoint.swift */ = {isa = PBXFileReference; lastKnownFileType = sourcecode.swift; path = ThreadsEndpoint.swift; sourceTree = "<group>"; };
		4C8339342997A00300ABDAF2 /* PostsEndpoint.swift */ = {isa = PBXFileReference; lastKnownFileType = sourcecode.swift; path = PostsEndpoint.swift; sourceTree = "<group>"; };
		4C8339362997A07E00ABDAF2 /* ThumbnailEndpoint.swift */ = {isa = PBXFileReference; lastKnownFileType = sourcecode.swift; path = ThumbnailEndpoint.swift; sourceTree = "<group>"; };
		4C83393B2997B4A300ABDAF2 /* CHThreadDetailResponse.swift */ = {isa = PBXFileReference; fileEncoding = 4; lastKnownFileType = sourcecode.swift; path = CHThreadDetailResponse.swift; sourceTree = "<group>"; };
		4C83393C2997B4A300ABDAF2 /* CHThreadsResponse.swift */ = {isa = PBXFileReference; fileEncoding = 4; lastKnownFileType = sourcecode.swift; path = CHThreadsResponse.swift; sourceTree = "<group>"; };
		4C83393E2997B4A300ABDAF2 /* CHBoard.swift */ = {isa = PBXFileReference; fileEncoding = 4; lastKnownFileType = sourcecode.swift; path = CHBoard.swift; sourceTree = "<group>"; };
		4C83393F2997B4A300ABDAF2 /* CHFile.swift */ = {isa = PBXFileReference; fileEncoding = 4; lastKnownFileType = sourcecode.swift; path = CHFile.swift; sourceTree = "<group>"; };
		4C8A316D2998EE6300A68038 /* README.md */ = {isa = PBXFileReference; lastKnownFileType = net.daringfireball.markdown; path = README.md; sourceTree = "<group>"; };
		4CB0243829A911EF00FE34E2 /* BoardsScreen + InteractorTests.swift */ = {isa = PBXFileReference; lastKnownFileType = sourcecode.swift; path = "BoardsScreen + InteractorTests.swift"; sourceTree = "<group>"; };
		4CB0243A29A913CF00FE34E2 /* NetworkServiceMock.swift */ = {isa = PBXFileReference; lastKnownFileType = sourcecode.swift; path = NetworkServiceMock.swift; sourceTree = "<group>"; };
		4CB0243D29A91EDB00FE34E2 /* ThreadsScreen.swift */ = {isa = PBXFileReference; lastKnownFileType = sourcecode.swift; path = ThreadsScreen.swift; sourceTree = "<group>"; };
		4CB0243F29A91F3C00FE34E2 /* ThreadsScreen + Presenter.swift */ = {isa = PBXFileReference; lastKnownFileType = sourcecode.swift; path = "ThreadsScreen + Presenter.swift"; sourceTree = "<group>"; };
		4CB0244129A922AB00FE34E2 /* ThreadsScreen + CellModels.swift */ = {isa = PBXFileReference; lastKnownFileType = sourcecode.swift; path = "ThreadsScreen + CellModels.swift"; sourceTree = "<group>"; };
		4CB0244329A9256100FE34E2 /* ThreadsScreen + ViewController.swift */ = {isa = PBXFileReference; lastKnownFileType = sourcecode.swift; path = "ThreadsScreen + ViewController.swift"; sourceTree = "<group>"; };
		4CB0244529A927F200FE34E2 /* ThreadsScreen + Interactor.swift */ = {isa = PBXFileReference; lastKnownFileType = sourcecode.swift; path = "ThreadsScreen + Interactor.swift"; sourceTree = "<group>"; };
		4CB0244929A9E7A800FE34E2 /* ThreadsScreen + Cell.swift */ = {isa = PBXFileReference; lastKnownFileType = sourcecode.swift; path = "ThreadsScreen + Cell.swift"; sourceTree = "<group>"; };
		4CB0244C29AA066900FE34E2 /* LabelView.swift */ = {isa = PBXFileReference; lastKnownFileType = sourcecode.swift; path = LabelView.swift; sourceTree = "<group>"; };
		4CB0244E29AA0E6400FE34E2 /* ThreadsScreen + CellConfiguration.swift */ = {isa = PBXFileReference; lastKnownFileType = sourcecode.swift; path = "ThreadsScreen + CellConfiguration.swift"; sourceTree = "<group>"; };
		4CB0245729AB780E00FE34E2 /* ThreadDetailScreen + PresenterTests.swift */ = {isa = PBXFileReference; lastKnownFileType = sourcecode.swift; path = "ThreadDetailScreen + PresenterTests.swift"; sourceTree = "<group>"; };
		4CB0245929AB78B600FE34E2 /* ThreadsScreenViewControllerMock.swift */ = {isa = PBXFileReference; lastKnownFileType = sourcecode.swift; path = ThreadsScreenViewControllerMock.swift; sourceTree = "<group>"; };
		4CB0245B29AB7B4300FE34E2 /* ThreadsScreenInteractorMock.swift */ = {isa = PBXFileReference; lastKnownFileType = sourcecode.swift; path = ThreadsScreenInteractorMock.swift; sourceTree = "<group>"; };
		4CB0245E29ABA76500FE34E2 /* ThreadsScreen + StringsFactory.swift */ = {isa = PBXFileReference; lastKnownFileType = sourcecode.swift; path = "ThreadsScreen + StringsFactory.swift"; sourceTree = "<group>"; };
		4CB0246029ABBF8100FE34E2 /* ZeroView.swift */ = {isa = PBXFileReference; lastKnownFileType = sourcecode.swift; path = ZeroView.swift; sourceTree = "<group>"; };
		4CB0246229AE7B1600FE34E2 /* ThreadsScreen + PlaceholdersFactory.swift */ = {isa = PBXFileReference; lastKnownFileType = sourcecode.swift; path = "ThreadsScreen + PlaceholdersFactory.swift"; sourceTree = "<group>"; };
		4CB0246929B12A7200FE34E2 /* ThreadsScreenPlaceholdersFactoryMock.swift */ = {isa = PBXFileReference; lastKnownFileType = sourcecode.swift; path = ThreadsScreenPlaceholdersFactoryMock.swift; sourceTree = "<group>"; };
		4CB0247C29BC646900FE34E2 /* ThreadDetailScreen.swift */ = {isa = PBXFileReference; lastKnownFileType = sourcecode.swift; path = ThreadDetailScreen.swift; sourceTree = "<group>"; };
		4CB0247E29BC64AB00FE34E2 /* ThreadDetailScreen + ViewController.swift */ = {isa = PBXFileReference; lastKnownFileType = sourcecode.swift; path = "ThreadDetailScreen + ViewController.swift"; sourceTree = "<group>"; };
		4CB0248029BC668900FE34E2 /* ThreadDetailScreen + CellModel.swift */ = {isa = PBXFileReference; lastKnownFileType = sourcecode.swift; path = "ThreadDetailScreen + CellModel.swift"; sourceTree = "<group>"; };
		4CB0248229BC683E00FE34E2 /* ThreadDetailScreen + CellConfiguration.swift */ = {isa = PBXFileReference; lastKnownFileType = sourcecode.swift; path = "ThreadDetailScreen + CellConfiguration.swift"; sourceTree = "<group>"; };
		4CB0248429BC686700FE34E2 /* ThreadDetailScreen + Cell.swift */ = {isa = PBXFileReference; lastKnownFileType = sourcecode.swift; path = "ThreadDetailScreen + Cell.swift"; sourceTree = "<group>"; };
		4CB0248829BC71B200FE34E2 /* ToolbarView.swift */ = {isa = PBXFileReference; lastKnownFileType = sourcecode.swift; path = ToolbarView.swift; sourceTree = "<group>"; };
		4CB0248C29BC95FC00FE34E2 /* ThreadDetailScreen + Presenter.swift */ = {isa = PBXFileReference; lastKnownFileType = sourcecode.swift; path = "ThreadDetailScreen + Presenter.swift"; sourceTree = "<group>"; };
		4CB0248E29BC963A00FE34E2 /* ThreadDetailScreen + Interactor.swift */ = {isa = PBXFileReference; lastKnownFileType = sourcecode.swift; path = "ThreadDetailScreen + Interactor.swift"; sourceTree = "<group>"; };
		4CB0249329BC96D100FE34E2 /* ThreadDetailScreen + StringsFactory.swift */ = {isa = PBXFileReference; lastKnownFileType = sourcecode.swift; path = "ThreadDetailScreen + StringsFactory.swift"; sourceTree = "<group>"; };
		4CB0249829BFB5E800FE34E2 /* ThreadDetailScreenViewControllerMock.swift */ = {isa = PBXFileReference; lastKnownFileType = sourcecode.swift; path = ThreadDetailScreenViewControllerMock.swift; sourceTree = "<group>"; };
		4CB0249A29BFB5E800FE34E2 /* ThreadDetailScreenInteractorMock.swift */ = {isa = PBXFileReference; lastKnownFileType = sourcecode.swift; path = ThreadDetailScreenInteractorMock.swift; sourceTree = "<group>"; };
		4CB0249E29BFBAFE00FE34E2 /* ThreadsScreen + PresenterTests.swift */ = {isa = PBXFileReference; fileEncoding = 4; lastKnownFileType = sourcecode.swift; path = "ThreadsScreen + PresenterTests.swift"; sourceTree = "<group>"; };
		4CB024A029C0FAD700FE34E2 /* Coordinatable.swift */ = {isa = PBXFileReference; fileEncoding = 4; lastKnownFileType = sourcecode.swift; path = Coordinatable.swift; sourceTree = "<group>"; };
		4CB024A229C0FADC00FE34E2 /* Router.swift */ = {isa = PBXFileReference; fileEncoding = 4; lastKnownFileType = sourcecode.swift; path = Router.swift; sourceTree = "<group>"; };
		4CB024A629C23C2500FE34E2 /* ThreadsScreen + Payload.swift */ = {isa = PBXFileReference; lastKnownFileType = sourcecode.swift; path = "ThreadsScreen + Payload.swift"; sourceTree = "<group>"; };
		4CB024B229C7160600FE34E2 /* CoordinatorTests.swift */ = {isa = PBXFileReference; lastKnownFileType = sourcecode.swift; path = CoordinatorTests.swift; sourceTree = "<group>"; };
		4CB024B429C7166600FE34E2 /* RouterSpy.swift */ = {isa = PBXFileReference; lastKnownFileType = sourcecode.swift; path = RouterSpy.swift; sourceTree = "<group>"; };
		4CB024BD29C774AD00FE34E2 /* TextProcessor.swift */ = {isa = PBXFileReference; lastKnownFileType = sourcecode.swift; path = TextProcessor.swift; sourceTree = "<group>"; };
		4CB024BF29C777D500FE34E2 /* NSMuttableAttributedString + Extention.swift */ = {isa = PBXFileReference; lastKnownFileType = sourcecode.swift; path = "NSMuttableAttributedString + Extention.swift"; sourceTree = "<group>"; };
		4CB024C129C8CB3600FE34E2 /* DeeplinkManager.swift */ = {isa = PBXFileReference; fileEncoding = 4; lastKnownFileType = sourcecode.swift; path = DeeplinkManager.swift; sourceTree = "<group>"; };
		4CB024C329C8CC3400FE34E2 /* DeeplinkEndpoint.swift */ = {isa = PBXFileReference; lastKnownFileType = sourcecode.swift; path = DeeplinkEndpoint.swift; sourceTree = "<group>"; };
		4CB024C929CEFDBF00FE34E2 /* ThreadDetailScreen + Assembly.swift */ = {isa = PBXFileReference; lastKnownFileType = sourcecode.swift; path = "ThreadDetailScreen + Assembly.swift"; sourceTree = "<group>"; };
		4CB024CB29D092FE00FE34E2 /* CoordinatableSpy.swift */ = {isa = PBXFileReference; lastKnownFileType = sourcecode.swift; path = CoordinatableSpy.swift; sourceTree = "<group>"; };
		4CB024D129D0BFA400FE34E2 /* ViewRepresentable.swift */ = {isa = PBXFileReference; lastKnownFileType = sourcecode.swift; path = ViewRepresentable.swift; sourceTree = "<group>"; };
		4CB024D429D1D67C00FE34E2 /* Routable.swift */ = {isa = PBXFileReference; lastKnownFileType = sourcecode.swift; path = Routable.swift; sourceTree = "<group>"; };
		4CB024D729D1E78600FE34E2 /* Coordinator.swift */ = {isa = PBXFileReference; lastKnownFileType = sourcecode.swift; path = Coordinator.swift; sourceTree = "<group>"; };
		4CB024E129D3531A00FE34E2 /* DeeplinkManagerTests.swift */ = {isa = PBXFileReference; lastKnownFileType = sourcecode.swift; path = DeeplinkManagerTests.swift; sourceTree = "<group>"; };
		4CB024E329D37AF600FE34E2 /* ThreadDetailScreen + InteractorTests.swift */ = {isa = PBXFileReference; lastKnownFileType = sourcecode.swift; path = "ThreadDetailScreen + InteractorTests.swift"; sourceTree = "<group>"; };
		4CB024E529D37C0C00FE34E2 /* ThreadDetailScreenInteractorOutputMock.swift */ = {isa = PBXFileReference; lastKnownFileType = sourcecode.swift; path = ThreadDetailScreenInteractorOutputMock.swift; sourceTree = "<group>"; };
		4CB024E729D3813B00FE34E2 /* DeeplinkManagerStub.swift */ = {isa = PBXFileReference; lastKnownFileType = sourcecode.swift; path = DeeplinkManagerStub.swift; sourceTree = "<group>"; };
		4CB024E929D3831A00FE34E2 /* ThreadDetailScreenOutputSpy.swift */ = {isa = PBXFileReference; lastKnownFileType = sourcecode.swift; path = ThreadDetailScreenOutputSpy.swift; sourceTree = "<group>"; };
		4CB024ED29D6114000FE34E2 /* TextProcessorTests.swift */ = {isa = PBXFileReference; lastKnownFileType = sourcecode.swift; path = TextProcessorTests.swift; sourceTree = "<group>"; };
/* End PBXFileReference section */

/* Begin PBXFrameworksBuildPhase section */
		4C8338E42995774500ABDAF2 /* Frameworks */ = {
			isa = PBXFrameworksBuildPhase;
			buildActionMask = 2147483647;
			files = (
			);
			runOnlyForDeploymentPostprocessing = 0;
		};
		4C8338FD2995774700ABDAF2 /* Frameworks */ = {
			isa = PBXFrameworksBuildPhase;
			buildActionMask = 2147483647;
			files = (
			);
			runOnlyForDeploymentPostprocessing = 0;
		};
		4C8339072995774700ABDAF2 /* Frameworks */ = {
			isa = PBXFrameworksBuildPhase;
			buildActionMask = 2147483647;
			files = (
			);
			runOnlyForDeploymentPostprocessing = 0;
		};
/* End PBXFrameworksBuildPhase section */

/* Begin PBXGroup section */
		4C24B61329A404DE00015B1C /* Units */ = {
			isa = PBXGroup;
			children = (
				4CB0247B29BC644900FE34E2 /* ThreadDetailScreen */,
				4CB0243C29A91EBF00FE34E2 /* ThreadsScreen */,
				4C24B61429A406F100015B1C /* BoardsScreen */,
			);
			path = Units;
			sourceTree = "<group>";
		};
		4C24B61429A406F100015B1C /* BoardsScreen */ = {
			isa = PBXGroup;
			children = (
				4C24B61529A4075700015B1C /* BoardsScreen.swift */,
				4C24B61729A407EC00015B1C /* BoadrsScreen + Presenter.swift */,
				4C8338EE2995774500ABDAF2 /* BoardsScreen + ViewController.swift */,
				4C24B61B29A5405A00015B1C /* BoardsScreen + CellModels.swift */,
				4C24B62A29A794DF00015B1C /* BoardsScreen + Interactor.swift */,
				4C24B62929A78E9700015B1C /* Location */,
			);
			path = BoardsScreen;
			sourceTree = "<group>";
		};
		4C24B62129A7699B00015B1C /* Core */ = {
			isa = PBXGroup;
			children = (
				4CB0244B29AA064A00FE34E2 /* Views */,
			);
			path = Core;
			sourceTree = "<group>";
		};
		4C24B62229A785EC00015B1C /* Common */ = {
			isa = PBXGroup;
			children = (
				4C24B62329A785FF00015B1C /* AppTheme.swift */,
				4C24B61F29A7699100015B1C /* ViewControllerOutput.swift */,
				4CB024D129D0BFA400FE34E2 /* ViewRepresentable.swift */,
			);
			path = Common;
			sourceTree = "<group>";
		};
		4C24B62929A78E9700015B1C /* Location */ = {
			isa = PBXGroup;
			children = (
				4C24B62729A78E9000015B1C /* BoardsScreen + StringsFactory.swift */,
			);
			path = Location;
			sourceTree = "<group>";
		};
		4C24B62D29A7D6A300015B1C /* Units */ = {
			isa = PBXGroup;
			children = (
				4CB0249529BFB55D00FE34E2 /* ThreadDetailScreen */,
				4CB0245429AB715A00FE34E2 /* ThreadsScreen */,
				4C24B62E29A7D6AB00015B1C /* BoardsScreen */,
			);
			path = Units;
			sourceTree = "<group>";
		};
		4C24B62E29A7D6AB00015B1C /* BoardsScreen */ = {
			isa = PBXGroup;
			children = (
				4C24B63529A7DA7800015B1C /* Mocks */,
				4C24B63029A7D6DA00015B1C /* Tests */,
			);
			path = BoardsScreen;
			sourceTree = "<group>";
		};
		4C24B62F29A7D6C900015B1C /* Mocks */ = {
			isa = PBXGroup;
			children = (
				4C24B63D29A8CA9D00015B1C /* FakeError.swift */,
				4CB0243A29A913CF00FE34E2 /* NetworkServiceMock.swift */,
				4CB024B429C7166600FE34E2 /* RouterSpy.swift */,
				4CB024CB29D092FE00FE34E2 /* CoordinatableSpy.swift */,
				4CB024E729D3813B00FE34E2 /* DeeplinkManagerStub.swift */,
			);
			path = Mocks;
			sourceTree = "<group>";
		};
		4C24B63029A7D6DA00015B1C /* Tests */ = {
			isa = PBXGroup;
			children = (
				4C24B63329A7D70A00015B1C /* BoardsScreen + PresenterTests.swift */,
				4CB0243829A911EF00FE34E2 /* BoardsScreen + InteractorTests.swift */,
			);
			path = Tests;
			sourceTree = "<group>";
		};
		4C24B63529A7DA7800015B1C /* Mocks */ = {
			isa = PBXGroup;
			children = (
				4C24B63629A7DA9800015B1C /* BoardsScreenViewControllerMock.swift */,
				4C24B63829A7DDEF00015B1C /* BoardsScreenInteractorMock.swift */,
			);
			path = Mocks;
			sourceTree = "<group>";
		};
		4C8338DE2995774500ABDAF2 = {
			isa = PBXGroup;
			children = (
				4C8A316D2998EE6300A68038 /* README.md */,
				4C8338E92995774500ABDAF2 /* Bump */,
				4C8339032995774700ABDAF2 /* BumpTests */,
				4C83390D2995774700ABDAF2 /* BumpUITests */,
				4C8338E82995774500ABDAF2 /* Products */,
			);
			sourceTree = "<group>";
		};
		4C8338E82995774500ABDAF2 /* Products */ = {
			isa = PBXGroup;
			children = (
				4C8338E72995774500ABDAF2 /* Bump.app */,
				4C8339002995774700ABDAF2 /* BumpTests.xctest */,
				4C83390A2995774700ABDAF2 /* BumpUITests.xctest */,
			);
			name = Products;
			sourceTree = "<group>";
		};
		4C8338E92995774500ABDAF2 /* Bump */ = {
			isa = PBXGroup;
			children = (
				4C8338EA2995774500ABDAF2 /* AppDelegate.swift */,
				4C8338EC2995774500ABDAF2 /* SceneDelegate.swift */,
				4C8338F62995774600ABDAF2 /* Assets.xcassets */,
				4C8338FB2995774600ABDAF2 /* Info.plist */,
				4C8338F32995774500ABDAF2 /* Bump.xcdatamodeld */,
				4C83391D29957FCF00ABDAF2 /* Services */,
				4C24B62229A785EC00015B1C /* Common */,
				4C24B62129A7699B00015B1C /* Core */,
				4CB024D629D1E74700FE34E2 /* Flows */,
				4C24B61329A404DE00015B1C /* Units */,
			);
			path = Bump;
			sourceTree = "<group>";
		};
		4C8339032995774700ABDAF2 /* BumpTests */ = {
			isa = PBXGroup;
			children = (
				4C24B62F29A7D6C900015B1C /* Mocks */,
				4CB024B029C715AB00FE34E2 /* Common */,
				4C24B62D29A7D6A300015B1C /* Units */,
				4C8339272996B7C300ABDAF2 /* Services */,
			);
			path = BumpTests;
			sourceTree = "<group>";
		};
		4C83390D2995774700ABDAF2 /* BumpUITests */ = {
			isa = PBXGroup;
			children = (
				4C83390E2995774700ABDAF2 /* BumpUITests.swift */,
				4C8339102995774700ABDAF2 /* BumpUITestsLaunchTests.swift */,
			);
			path = BumpUITests;
			sourceTree = "<group>";
		};
		4C83391D29957FCF00ABDAF2 /* Services */ = {
			isa = PBXGroup;
			children = (
				4CB024BC29C7747F00FE34E2 /* TextProcessing */,
				4C83391E29957FDD00ABDAF2 /* Networking */,
			);
			path = Services;
			sourceTree = "<group>";
		};
		4C83391E29957FDD00ABDAF2 /* Networking */ = {
			isa = PBXGroup;
			children = (
				4C83393A2997B42B00ABDAF2 /* Response Models */,
				4C83392F29979FAC00ABDAF2 /* Endpoints */,
				4C8339252996B72F00ABDAF2 /* HTTPMethod.swift */,
				4C833921299583D800ABDAF2 /* Request.swift */,
				4C8339232995845900ABDAF2 /* NetworkService.swift */,
				4C83392B2996BD1700ABDAF2 /* URLSessionFacade.swift */,
			);
			path = Networking;
			sourceTree = "<group>";
		};
		4C8339272996B7C300ABDAF2 /* Services */ = {
			isa = PBXGroup;
			children = (
				4CB024EC29D6112300FE34E2 /* TextProcessor */,
				4C8339282996B7CC00ABDAF2 /* Networking */,
			);
			path = Services;
			sourceTree = "<group>";
		};
		4C8339282996B7CC00ABDAF2 /* Networking */ = {
			isa = PBXGroup;
			children = (
				4C8339382997B33000ABDAF2 /* Mocks */,
				4C8339392997B33A00ABDAF2 /* Tests */,
			);
			path = Networking;
			sourceTree = "<group>";
		};
		4C83392F29979FAC00ABDAF2 /* Endpoints */ = {
			isa = PBXGroup;
			children = (
				4C83393029979FC100ABDAF2 /* BoardsEndpoint.swift */,
				4C83393229979FE500ABDAF2 /* ThreadsEndpoint.swift */,
				4C8339342997A00300ABDAF2 /* PostsEndpoint.swift */,
				4C8339362997A07E00ABDAF2 /* ThumbnailEndpoint.swift */,
			);
			path = Endpoints;
			sourceTree = "<group>";
		};
		4C8339382997B33000ABDAF2 /* Mocks */ = {
			isa = PBXGroup;
			children = (
				4C83392D2996CB3F00ABDAF2 /* URLSessionFacadeSpy.swift */,
			);
			path = Mocks;
			sourceTree = "<group>";
		};
		4C8339392997B33A00ABDAF2 /* Tests */ = {
			isa = PBXGroup;
			children = (
				4C8339292996B80600ABDAF2 /* NetworkServiceTests.swift */,
			);
			path = Tests;
			sourceTree = "<group>";
		};
		4C83393A2997B42B00ABDAF2 /* Response Models */ = {
			isa = PBXGroup;
			children = (
				4C83393E2997B4A300ABDAF2 /* CHBoard.swift */,
				4C83393C2997B4A300ABDAF2 /* CHThreadsResponse.swift */,
				4C83393B2997B4A300ABDAF2 /* CHThreadDetailResponse.swift */,
				4C83393F2997B4A300ABDAF2 /* CHFile.swift */,
			);
			path = "Response Models";
			sourceTree = "<group>";
		};
		4CB0243C29A91EBF00FE34E2 /* ThreadsScreen */ = {
			isa = PBXGroup;
			children = (
				4CB0243D29A91EDB00FE34E2 /* ThreadsScreen.swift */,
				4CB024A629C23C2500FE34E2 /* ThreadsScreen + Payload.swift */,
				4CB0243F29A91F3C00FE34E2 /* ThreadsScreen + Presenter.swift */,
				4CB0244129A922AB00FE34E2 /* ThreadsScreen + CellModels.swift */,
				4CB0244329A9256100FE34E2 /* ThreadsScreen + ViewController.swift */,
				4CB0244529A927F200FE34E2 /* ThreadsScreen + Interactor.swift */,
				4CB0244929A9E7A800FE34E2 /* ThreadsScreen + Cell.swift */,
				4CB0244E29AA0E6400FE34E2 /* ThreadsScreen + CellConfiguration.swift */,
				4CB0246229AE7B1600FE34E2 /* ThreadsScreen + PlaceholdersFactory.swift */,
				4CB0245D29ABA74F00FE34E2 /* Location */,
			);
			path = ThreadsScreen;
			sourceTree = "<group>";
		};
		4CB0244B29AA064A00FE34E2 /* Views */ = {
			isa = PBXGroup;
			children = (
				4CB0244C29AA066900FE34E2 /* LabelView.swift */,
				4CB0246029ABBF8100FE34E2 /* ZeroView.swift */,
				4CB0248829BC71B200FE34E2 /* ToolbarView.swift */,
			);
			path = Views;
			sourceTree = "<group>";
		};
		4CB0245429AB715A00FE34E2 /* ThreadsScreen */ = {
			isa = PBXGroup;
			children = (
				4CB0245529AB716900FE34E2 /* Mocks */,
				4CB0245629AB716F00FE34E2 /* Tests */,
			);
			path = ThreadsScreen;
			sourceTree = "<group>";
		};
		4CB0245529AB716900FE34E2 /* Mocks */ = {
			isa = PBXGroup;
			children = (
				4CB0245929AB78B600FE34E2 /* ThreadsScreenViewControllerMock.swift */,
				4CB0245B29AB7B4300FE34E2 /* ThreadsScreenInteractorMock.swift */,
				4CB0246929B12A7200FE34E2 /* ThreadsScreenPlaceholdersFactoryMock.swift */,
			);
			path = Mocks;
			sourceTree = "<group>";
		};
		4CB0245629AB716F00FE34E2 /* Tests */ = {
			isa = PBXGroup;
			children = (
				4CB0249E29BFBAFE00FE34E2 /* ThreadsScreen + PresenterTests.swift */,
			);
			path = Tests;
			sourceTree = "<group>";
		};
		4CB0245D29ABA74F00FE34E2 /* Location */ = {
			isa = PBXGroup;
			children = (
				4CB0245E29ABA76500FE34E2 /* ThreadsScreen + StringsFactory.swift */,
			);
			path = Location;
			sourceTree = "<group>";
		};
		4CB0247B29BC644900FE34E2 /* ThreadDetailScreen */ = {
			isa = PBXGroup;
			children = (
				4CB0247C29BC646900FE34E2 /* ThreadDetailScreen.swift */,
				4CB024C929CEFDBF00FE34E2 /* ThreadDetailScreen + Assembly.swift */,
				4CB0247E29BC64AB00FE34E2 /* ThreadDetailScreen + ViewController.swift */,
				4CB0248029BC668900FE34E2 /* ThreadDetailScreen + CellModel.swift */,
				4CB0248229BC683E00FE34E2 /* ThreadDetailScreen + CellConfiguration.swift */,
				4CB0248429BC686700FE34E2 /* ThreadDetailScreen + Cell.swift */,
				4CB0248C29BC95FC00FE34E2 /* ThreadDetailScreen + Presenter.swift */,
				4CB0248E29BC963A00FE34E2 /* ThreadDetailScreen + Interactor.swift */,
				4CB0249229BC96B500FE34E2 /* Location */,
			);
			path = ThreadDetailScreen;
			sourceTree = "<group>";
		};
		4CB0249229BC96B500FE34E2 /* Location */ = {
			isa = PBXGroup;
			children = (
				4CB0249329BC96D100FE34E2 /* ThreadDetailScreen + StringsFactory.swift */,
			);
			path = Location;
			sourceTree = "<group>";
		};
		4CB0249529BFB55D00FE34E2 /* ThreadDetailScreen */ = {
			isa = PBXGroup;
			children = (
				4CB0249629BFB5CD00FE34E2 /* Mocks */,
				4CB0249729BFB5D500FE34E2 /* Tests */,
			);
			path = ThreadDetailScreen;
			sourceTree = "<group>";
		};
		4CB0249629BFB5CD00FE34E2 /* Mocks */ = {
			isa = PBXGroup;
			children = (
				4CB0249829BFB5E800FE34E2 /* ThreadDetailScreenViewControllerMock.swift */,
				4CB0249A29BFB5E800FE34E2 /* ThreadDetailScreenInteractorMock.swift */,
				4CB024E529D37C0C00FE34E2 /* ThreadDetailScreenInteractorOutputMock.swift */,
				4CB024E929D3831A00FE34E2 /* ThreadDetailScreenOutputSpy.swift */,
			);
			path = Mocks;
			sourceTree = "<group>";
		};
		4CB0249729BFB5D500FE34E2 /* Tests */ = {
			isa = PBXGroup;
			children = (
				4CB0245729AB780E00FE34E2 /* ThreadDetailScreen + PresenterTests.swift */,
				4CB024E329D37AF600FE34E2 /* ThreadDetailScreen + InteractorTests.swift */,
			);
			path = Tests;
			sourceTree = "<group>";
		};
		4CB024B029C715AB00FE34E2 /* Common */ = {
			isa = PBXGroup;
			children = (
				4CB024B129C715B400FE34E2 /* Tests */,
			);
			path = Common;
			sourceTree = "<group>";
		};
		4CB024B129C715B400FE34E2 /* Tests */ = {
			isa = PBXGroup;
			children = (
				4CB024B229C7160600FE34E2 /* CoordinatorTests.swift */,
				4CB024E129D3531A00FE34E2 /* DeeplinkManagerTests.swift */,
			);
			path = Tests;
			sourceTree = "<group>";
		};
		4CB024BC29C7747F00FE34E2 /* TextProcessing */ = {
			isa = PBXGroup;
			children = (
				4CB024C329C8CC3400FE34E2 /* DeeplinkEndpoint.swift */,
				4CB024C129C8CB3600FE34E2 /* DeeplinkManager.swift */,
				4CB024BD29C774AD00FE34E2 /* TextProcessor.swift */,
				4CB024BF29C777D500FE34E2 /* NSMuttableAttributedString + Extention.swift */,
			);
			path = TextProcessing;
			sourceTree = "<group>";
		};
		4CB024D329D1D66100FE34E2 /* Router */ = {
			isa = PBXGroup;
			children = (
				4CB024A229C0FADC00FE34E2 /* Router.swift */,
				4CB024D429D1D67C00FE34E2 /* Routable.swift */,
			);
			path = Router;
			sourceTree = "<group>";
		};
		4CB024D629D1E74700FE34E2 /* Flows */ = {
			isa = PBXGroup;
			children = (
				4CB024D329D1D66100FE34E2 /* Router */,
				4CB024A029C0FAD700FE34E2 /* Coordinatable.swift */,
				4CB024D729D1E78600FE34E2 /* Coordinator.swift */,
			);
			path = Flows;
			sourceTree = "<group>";
		};
		4CB024EC29D6112300FE34E2 /* TextProcessor */ = {
			isa = PBXGroup;
			children = (
				4CB024ED29D6114000FE34E2 /* TextProcessorTests.swift */,
			);
			path = TextProcessor;
			sourceTree = "<group>";
		};
/* End PBXGroup section */

/* Begin PBXNativeTarget section */
		4C8338E62995774500ABDAF2 /* Bump */ = {
			isa = PBXNativeTarget;
			buildConfigurationList = 4C8339142995774700ABDAF2 /* Build configuration list for PBXNativeTarget "Bump" */;
			buildPhases = (
				4C8338E32995774500ABDAF2 /* Sources */,
				4C8338E42995774500ABDAF2 /* Frameworks */,
				4C8338E52995774500ABDAF2 /* Resources */,
			);
			buildRules = (
			);
			dependencies = (
			);
			name = Bump;
			productName = Bump;
			productReference = 4C8338E72995774500ABDAF2 /* Bump.app */;
			productType = "com.apple.product-type.application";
		};
		4C8338FF2995774700ABDAF2 /* BumpTests */ = {
			isa = PBXNativeTarget;
			buildConfigurationList = 4C8339172995774700ABDAF2 /* Build configuration list for PBXNativeTarget "BumpTests" */;
			buildPhases = (
				4C8338FC2995774700ABDAF2 /* Sources */,
				4C8338FD2995774700ABDAF2 /* Frameworks */,
				4C8338FE2995774700ABDAF2 /* Resources */,
			);
			buildRules = (
			);
			dependencies = (
				4C8339022995774700ABDAF2 /* PBXTargetDependency */,
			);
			name = BumpTests;
			productName = BumpTests;
			productReference = 4C8339002995774700ABDAF2 /* BumpTests.xctest */;
			productType = "com.apple.product-type.bundle.unit-test";
		};
		4C8339092995774700ABDAF2 /* BumpUITests */ = {
			isa = PBXNativeTarget;
			buildConfigurationList = 4C83391A2995774700ABDAF2 /* Build configuration list for PBXNativeTarget "BumpUITests" */;
			buildPhases = (
				4C8339062995774700ABDAF2 /* Sources */,
				4C8339072995774700ABDAF2 /* Frameworks */,
				4C8339082995774700ABDAF2 /* Resources */,
			);
			buildRules = (
			);
			dependencies = (
				4C83390C2995774700ABDAF2 /* PBXTargetDependency */,
			);
			name = BumpUITests;
			productName = BumpUITests;
			productReference = 4C83390A2995774700ABDAF2 /* BumpUITests.xctest */;
			productType = "com.apple.product-type.bundle.ui-testing";
		};
/* End PBXNativeTarget section */

/* Begin PBXProject section */
		4C8338DF2995774500ABDAF2 /* Project object */ = {
			isa = PBXProject;
			attributes = {
				BuildIndependentTargetsInParallel = 1;
				LastSwiftUpdateCheck = 1420;
				LastUpgradeCheck = 1420;
				TargetAttributes = {
					4C8338E62995774500ABDAF2 = {
						CreatedOnToolsVersion = 14.2;
					};
					4C8338FF2995774700ABDAF2 = {
						CreatedOnToolsVersion = 14.2;
						TestTargetID = 4C8338E62995774500ABDAF2;
					};
					4C8339092995774700ABDAF2 = {
						CreatedOnToolsVersion = 14.2;
						TestTargetID = 4C8338E62995774500ABDAF2;
					};
				};
			};
			buildConfigurationList = 4C8338E22995774500ABDAF2 /* Build configuration list for PBXProject "Bump" */;
			compatibilityVersion = "Xcode 14.0";
			developmentRegion = en;
			hasScannedForEncodings = 0;
			knownRegions = (
				en,
				Base,
			);
			mainGroup = 4C8338DE2995774500ABDAF2;
			productRefGroup = 4C8338E82995774500ABDAF2 /* Products */;
			projectDirPath = "";
			projectRoot = "";
			targets = (
				4C8338E62995774500ABDAF2 /* Bump */,
				4C8338FF2995774700ABDAF2 /* BumpTests */,
				4C8339092995774700ABDAF2 /* BumpUITests */,
			);
		};
/* End PBXProject section */

/* Begin PBXResourcesBuildPhase section */
		4C8338E52995774500ABDAF2 /* Resources */ = {
			isa = PBXResourcesBuildPhase;
			buildActionMask = 2147483647;
			files = (
				4C8A316E2998EE6300A68038 /* README.md in Resources */,
				4C8338F72995774600ABDAF2 /* Assets.xcassets in Resources */,
			);
			runOnlyForDeploymentPostprocessing = 0;
		};
		4C8338FE2995774700ABDAF2 /* Resources */ = {
			isa = PBXResourcesBuildPhase;
			buildActionMask = 2147483647;
			files = (
			);
			runOnlyForDeploymentPostprocessing = 0;
		};
		4C8339082995774700ABDAF2 /* Resources */ = {
			isa = PBXResourcesBuildPhase;
			buildActionMask = 2147483647;
			files = (
			);
			runOnlyForDeploymentPostprocessing = 0;
		};
/* End PBXResourcesBuildPhase section */

/* Begin PBXSourcesBuildPhase section */
		4C8338E32995774500ABDAF2 /* Sources */ = {
			isa = PBXSourcesBuildPhase;
			buildActionMask = 2147483647;
			files = (
				4C8338EF2995774500ABDAF2 /* BoardsScreen + ViewController.swift in Sources */,
				4C24B62429A785FF00015B1C /* AppTheme.swift in Sources */,
				4C24B61629A4075700015B1C /* BoardsScreen.swift in Sources */,
				4C833922299583D800ABDAF2 /* Request.swift in Sources */,
				4CB0244029A91F3C00FE34E2 /* ThreadsScreen + Presenter.swift in Sources */,
				4C8339452997B4A300ABDAF2 /* CHFile.swift in Sources */,
				4CB0246129ABBF8100FE34E2 /* ZeroView.swift in Sources */,
				4CB024D229D0BFA400FE34E2 /* ViewRepresentable.swift in Sources */,
				4C8338F52995774500ABDAF2 /* Bump.xcdatamodeld in Sources */,
				4CB024A729C23C2500FE34E2 /* ThreadsScreen + Payload.swift in Sources */,
				4CB0248529BC686700FE34E2 /* ThreadDetailScreen + Cell.swift in Sources */,
				4C8339262996B72F00ABDAF2 /* HTTPMethod.swift in Sources */,
				4CB0248329BC683E00FE34E2 /* ThreadDetailScreen + CellConfiguration.swift in Sources */,
				4CB0245F29ABA76500FE34E2 /* ThreadsScreen + StringsFactory.swift in Sources */,
				4CB024BE29C7760200FE34E2 /* TextProcessor.swift in Sources */,
				4C83393129979FC100ABDAF2 /* BoardsEndpoint.swift in Sources */,
				4CB0246329AE7B1600FE34E2 /* ThreadsScreen + PlaceholdersFactory.swift in Sources */,
				4CB0244A29A9E7A800FE34E2 /* ThreadsScreen + Cell.swift in Sources */,
				4CB024C229C8CB3600FE34E2 /* DeeplinkManager.swift in Sources */,
				4C8338EB2995774500ABDAF2 /* AppDelegate.swift in Sources */,
				4CB024C029C777D500FE34E2 /* NSMuttableAttributedString + Extention.swift in Sources */,
				4CB024C429C8CC3400FE34E2 /* DeeplinkEndpoint.swift in Sources */,
				4C83393329979FE500ABDAF2 /* ThreadsEndpoint.swift in Sources */,
				4C8339372997A07E00ABDAF2 /* ThumbnailEndpoint.swift in Sources */,
				4C8339412997B4A300ABDAF2 /* CHThreadDetailResponse.swift in Sources */,
				4CB0247D29BC646900FE34E2 /* ThreadDetailScreen.swift in Sources */,
				4CB024CA29CEFDBF00FE34E2 /* ThreadDetailScreen + Assembly.swift in Sources */,
				4CB0248D29BC95FC00FE34E2 /* ThreadDetailScreen + Presenter.swift in Sources */,
				4CB024D529D1D67C00FE34E2 /* Routable.swift in Sources */,
				4CB024A329C0FADC00FE34E2 /* Router.swift in Sources */,
				4C8339422997B4A300ABDAF2 /* CHThreadsResponse.swift in Sources */,
				4CB0248129BC668900FE34E2 /* ThreadDetailScreen + CellModel.swift in Sources */,
				4CB0244F29AA0E6400FE34E2 /* ThreadsScreen + CellConfiguration.swift in Sources */,
				4C24B61829A407EC00015B1C /* BoadrsScreen + Presenter.swift in Sources */,
				4C8339352997A00300ABDAF2 /* PostsEndpoint.swift in Sources */,
				4CB0243E29A91EDB00FE34E2 /* ThreadsScreen.swift in Sources */,
				4CB0244D29AA066900FE34E2 /* LabelView.swift in Sources */,
				4C24B62029A7699100015B1C /* ViewControllerOutput.swift in Sources */,
				4CB024A129C0FAD700FE34E2 /* Coordinatable.swift in Sources */,
				4CB0244229A922AB00FE34E2 /* ThreadsScreen + CellModels.swift in Sources */,
				4C8339442997B4A300ABDAF2 /* CHBoard.swift in Sources */,
				4C24B61C29A5405A00015B1C /* BoardsScreen + CellModels.swift in Sources */,
				4CB0247F29BC64AB00FE34E2 /* ThreadDetailScreen + ViewController.swift in Sources */,
				4CB024D829D1E78600FE34E2 /* Coordinator.swift in Sources */,
				4CB0248929BC71B200FE34E2 /* ToolbarView.swift in Sources */,
				4C24B62B29A794DF00015B1C /* BoardsScreen + Interactor.swift in Sources */,
				4CB0248F29BC963A00FE34E2 /* ThreadDetailScreen + Interactor.swift in Sources */,
				4C24B62829A78E9000015B1C /* BoardsScreen + StringsFactory.swift in Sources */,
				4CB0244429A9256100FE34E2 /* ThreadsScreen + ViewController.swift in Sources */,
				4C83392C2996BD1700ABDAF2 /* URLSessionFacade.swift in Sources */,
				4C8338ED2995774500ABDAF2 /* SceneDelegate.swift in Sources */,
				4CB0249429BC96D100FE34E2 /* ThreadDetailScreen + StringsFactory.swift in Sources */,
				4C8339242995845A00ABDAF2 /* NetworkService.swift in Sources */,
				4CB0244629A927F200FE34E2 /* ThreadsScreen + Interactor.swift in Sources */,
			);
			runOnlyForDeploymentPostprocessing = 0;
		};
		4C8338FC2995774700ABDAF2 /* Sources */ = {
			isa = PBXSourcesBuildPhase;
			buildActionMask = 2147483647;
			files = (
				4CB0249F29BFBAFE00FE34E2 /* ThreadsScreen + PresenterTests.swift in Sources */,
				4CB0243B29A913CF00FE34E2 /* NetworkServiceMock.swift in Sources */,
				4CB0245829AB780E00FE34E2 /* ThreadDetailScreen + PresenterTests.swift in Sources */,
				4C24B63929A7DDEF00015B1C /* BoardsScreenInteractorMock.swift in Sources */,
				4CB0249B29BFB7D000FE34E2 /* ThreadDetailScreenViewControllerMock.swift in Sources */,
				4CB024B529C7166600FE34E2 /* RouterSpy.swift in Sources */,
				4CB0245C29AB7B4300FE34E2 /* ThreadsScreenInteractorMock.swift in Sources */,
				4CB024CC29D092FE00FE34E2 /* CoordinatableSpy.swift in Sources */,
				4CB0249C29BFB7D300FE34E2 /* ThreadDetailScreenInteractorMock.swift in Sources */,
				4CB0246A29B12A7200FE34E2 /* ThreadsScreenPlaceholdersFactoryMock.swift in Sources */,
				4C83392E2996CB3F00ABDAF2 /* URLSessionFacadeSpy.swift in Sources */,
				4CB024EE29D6114000FE34E2 /* TextProcessorTests.swift in Sources */,
				4CB024E629D37C0C00FE34E2 /* ThreadDetailScreenInteractorOutputMock.swift in Sources */,
				4CB0245A29AB78B600FE34E2 /* ThreadsScreenViewControllerMock.swift in Sources */,
				4CB024EA29D3831A00FE34E2 /* ThreadDetailScreenOutputSpy.swift in Sources */,
				4CB0243929A911EF00FE34E2 /* BoardsScreen + InteractorTests.swift in Sources */,
				4C24B63729A7DA9900015B1C /* BoardsScreenViewControllerMock.swift in Sources */,
				4CB024E229D3531A00FE34E2 /* DeeplinkManagerTests.swift in Sources */,
				4C24B63429A7D70A00015B1C /* BoardsScreen + PresenterTests.swift in Sources */,
				4C83392A2996B80600ABDAF2 /* NetworkServiceTests.swift in Sources */,
				4C24B63E29A8CA9D00015B1C /* FakeError.swift in Sources */,
				4CB024E829D3813B00FE34E2 /* DeeplinkManagerStub.swift in Sources */,
				4CB024B329C7160600FE34E2 /* CoordinatorTests.swift in Sources */,
				4CB024E429D37AF600FE34E2 /* ThreadDetailScreen + InteractorTests.swift in Sources */,
			);
			runOnlyForDeploymentPostprocessing = 0;
		};
		4C8339062995774700ABDAF2 /* Sources */ = {
			isa = PBXSourcesBuildPhase;
			buildActionMask = 2147483647;
			files = (
				4C8339112995774700ABDAF2 /* BumpUITestsLaunchTests.swift in Sources */,
				4C83390F2995774700ABDAF2 /* BumpUITests.swift in Sources */,
			);
			runOnlyForDeploymentPostprocessing = 0;
		};
/* End PBXSourcesBuildPhase section */

/* Begin PBXTargetDependency section */
		4C8339022995774700ABDAF2 /* PBXTargetDependency */ = {
			isa = PBXTargetDependency;
			target = 4C8338E62995774500ABDAF2 /* Bump */;
			targetProxy = 4C8339012995774700ABDAF2 /* PBXContainerItemProxy */;
		};
		4C83390C2995774700ABDAF2 /* PBXTargetDependency */ = {
			isa = PBXTargetDependency;
			target = 4C8338E62995774500ABDAF2 /* Bump */;
			targetProxy = 4C83390B2995774700ABDAF2 /* PBXContainerItemProxy */;
		};
/* End PBXTargetDependency section */

/* Begin XCBuildConfiguration section */
		4C8339122995774700ABDAF2 /* Debug */ = {
			isa = XCBuildConfiguration;
			buildSettings = {
				ALWAYS_SEARCH_USER_PATHS = NO;
				CLANG_ANALYZER_NONNULL = YES;
				CLANG_ANALYZER_NUMBER_OBJECT_CONVERSION = YES_AGGRESSIVE;
				CLANG_CXX_LANGUAGE_STANDARD = "gnu++20";
				CLANG_ENABLE_MODULES = YES;
				CLANG_ENABLE_OBJC_ARC = YES;
				CLANG_ENABLE_OBJC_WEAK = YES;
				CLANG_WARN_BLOCK_CAPTURE_AUTORELEASING = YES;
				CLANG_WARN_BOOL_CONVERSION = YES;
				CLANG_WARN_COMMA = YES;
				CLANG_WARN_CONSTANT_CONVERSION = YES;
				CLANG_WARN_DEPRECATED_OBJC_IMPLEMENTATIONS = YES;
				CLANG_WARN_DIRECT_OBJC_ISA_USAGE = YES_ERROR;
				CLANG_WARN_DOCUMENTATION_COMMENTS = YES;
				CLANG_WARN_EMPTY_BODY = YES;
				CLANG_WARN_ENUM_CONVERSION = YES;
				CLANG_WARN_INFINITE_RECURSION = YES;
				CLANG_WARN_INT_CONVERSION = YES;
				CLANG_WARN_NON_LITERAL_NULL_CONVERSION = YES;
				CLANG_WARN_OBJC_IMPLICIT_RETAIN_SELF = YES;
				CLANG_WARN_OBJC_LITERAL_CONVERSION = YES;
				CLANG_WARN_OBJC_ROOT_CLASS = YES_ERROR;
				CLANG_WARN_QUOTED_INCLUDE_IN_FRAMEWORK_HEADER = YES;
				CLANG_WARN_RANGE_LOOP_ANALYSIS = YES;
				CLANG_WARN_STRICT_PROTOTYPES = YES;
				CLANG_WARN_SUSPICIOUS_MOVE = YES;
				CLANG_WARN_UNGUARDED_AVAILABILITY = YES_AGGRESSIVE;
				CLANG_WARN_UNREACHABLE_CODE = YES;
				CLANG_WARN__DUPLICATE_METHOD_MATCH = YES;
				COPY_PHASE_STRIP = NO;
				DEBUG_INFORMATION_FORMAT = dwarf;
				ENABLE_STRICT_OBJC_MSGSEND = YES;
				ENABLE_TESTABILITY = YES;
				GCC_C_LANGUAGE_STANDARD = gnu11;
				GCC_DYNAMIC_NO_PIC = NO;
				GCC_NO_COMMON_BLOCKS = YES;
				GCC_OPTIMIZATION_LEVEL = 0;
				GCC_PREPROCESSOR_DEFINITIONS = (
					"DEBUG=1",
					"$(inherited)",
				);
				GCC_WARN_64_TO_32_BIT_CONVERSION = YES;
				GCC_WARN_ABOUT_RETURN_TYPE = YES_ERROR;
				GCC_WARN_UNDECLARED_SELECTOR = YES;
				GCC_WARN_UNINITIALIZED_AUTOS = YES_AGGRESSIVE;
				GCC_WARN_UNUSED_FUNCTION = YES;
				GCC_WARN_UNUSED_VARIABLE = YES;
				IPHONEOS_DEPLOYMENT_TARGET = 16.2;
				MTL_ENABLE_DEBUG_INFO = INCLUDE_SOURCE;
				MTL_FAST_MATH = YES;
				ONLY_ACTIVE_ARCH = YES;
				SDKROOT = iphoneos;
				SWIFT_ACTIVE_COMPILATION_CONDITIONS = DEBUG;
				SWIFT_OPTIMIZATION_LEVEL = "-Onone";
			};
			name = Debug;
		};
		4C8339132995774700ABDAF2 /* Release */ = {
			isa = XCBuildConfiguration;
			buildSettings = {
				ALWAYS_SEARCH_USER_PATHS = NO;
				CLANG_ANALYZER_NONNULL = YES;
				CLANG_ANALYZER_NUMBER_OBJECT_CONVERSION = YES_AGGRESSIVE;
				CLANG_CXX_LANGUAGE_STANDARD = "gnu++20";
				CLANG_ENABLE_MODULES = YES;
				CLANG_ENABLE_OBJC_ARC = YES;
				CLANG_ENABLE_OBJC_WEAK = YES;
				CLANG_WARN_BLOCK_CAPTURE_AUTORELEASING = YES;
				CLANG_WARN_BOOL_CONVERSION = YES;
				CLANG_WARN_COMMA = YES;
				CLANG_WARN_CONSTANT_CONVERSION = YES;
				CLANG_WARN_DEPRECATED_OBJC_IMPLEMENTATIONS = YES;
				CLANG_WARN_DIRECT_OBJC_ISA_USAGE = YES_ERROR;
				CLANG_WARN_DOCUMENTATION_COMMENTS = YES;
				CLANG_WARN_EMPTY_BODY = YES;
				CLANG_WARN_ENUM_CONVERSION = YES;
				CLANG_WARN_INFINITE_RECURSION = YES;
				CLANG_WARN_INT_CONVERSION = YES;
				CLANG_WARN_NON_LITERAL_NULL_CONVERSION = YES;
				CLANG_WARN_OBJC_IMPLICIT_RETAIN_SELF = YES;
				CLANG_WARN_OBJC_LITERAL_CONVERSION = YES;
				CLANG_WARN_OBJC_ROOT_CLASS = YES_ERROR;
				CLANG_WARN_QUOTED_INCLUDE_IN_FRAMEWORK_HEADER = YES;
				CLANG_WARN_RANGE_LOOP_ANALYSIS = YES;
				CLANG_WARN_STRICT_PROTOTYPES = YES;
				CLANG_WARN_SUSPICIOUS_MOVE = YES;
				CLANG_WARN_UNGUARDED_AVAILABILITY = YES_AGGRESSIVE;
				CLANG_WARN_UNREACHABLE_CODE = YES;
				CLANG_WARN__DUPLICATE_METHOD_MATCH = YES;
				COPY_PHASE_STRIP = NO;
				DEBUG_INFORMATION_FORMAT = "dwarf-with-dsym";
				ENABLE_NS_ASSERTIONS = NO;
				ENABLE_STRICT_OBJC_MSGSEND = YES;
				GCC_C_LANGUAGE_STANDARD = gnu11;
				GCC_NO_COMMON_BLOCKS = YES;
				GCC_WARN_64_TO_32_BIT_CONVERSION = YES;
				GCC_WARN_ABOUT_RETURN_TYPE = YES_ERROR;
				GCC_WARN_UNDECLARED_SELECTOR = YES;
				GCC_WARN_UNINITIALIZED_AUTOS = YES_AGGRESSIVE;
				GCC_WARN_UNUSED_FUNCTION = YES;
				GCC_WARN_UNUSED_VARIABLE = YES;
				IPHONEOS_DEPLOYMENT_TARGET = 16.2;
				MTL_ENABLE_DEBUG_INFO = NO;
				MTL_FAST_MATH = YES;
				SDKROOT = iphoneos;
				SWIFT_COMPILATION_MODE = wholemodule;
				SWIFT_OPTIMIZATION_LEVEL = "-O";
				VALIDATE_PRODUCT = YES;
			};
			name = Release;
		};
		4C8339152995774700ABDAF2 /* Debug */ = {
			isa = XCBuildConfiguration;
			buildSettings = {
				ASSETCATALOG_COMPILER_APPICON_NAME = AppIcon;
				ASSETCATALOG_COMPILER_GLOBAL_ACCENT_COLOR_NAME = AccentColor;
				CODE_SIGN_STYLE = Automatic;
				CURRENT_PROJECT_VERSION = 1;
				DEVELOPMENT_TEAM = 48KV35Y6PN;
				GENERATE_INFOPLIST_FILE = YES;
				INFOPLIST_FILE = Bump/Info.plist;
				INFOPLIST_KEY_UIApplicationSupportsIndirectInputEvents = YES;
				INFOPLIST_KEY_UILaunchStoryboardName = LaunchScreen;
				INFOPLIST_KEY_UISupportedInterfaceOrientations_iPad = "UIInterfaceOrientationPortrait UIInterfaceOrientationPortraitUpsideDown UIInterfaceOrientationLandscapeLeft UIInterfaceOrientationLandscapeRight";
				INFOPLIST_KEY_UISupportedInterfaceOrientations_iPhone = "UIInterfaceOrientationPortrait UIInterfaceOrientationLandscapeLeft UIInterfaceOrientationLandscapeRight";
				IPHONEOS_DEPLOYMENT_TARGET = 14.0;
				LD_RUNPATH_SEARCH_PATHS = (
					"$(inherited)",
					"@executable_path/Frameworks",
				);
				MARKETING_VERSION = 1.0;
				PRODUCT_BUNDLE_IDENTIFIER = "dev.mini-app.Bump";
				PRODUCT_NAME = "$(TARGET_NAME)";
				SWIFT_EMIT_LOC_STRINGS = YES;
				SWIFT_VERSION = 5.0;
				TARGETED_DEVICE_FAMILY = "1,2";
			};
			name = Debug;
		};
		4C8339162995774700ABDAF2 /* Release */ = {
			isa = XCBuildConfiguration;
			buildSettings = {
				ASSETCATALOG_COMPILER_APPICON_NAME = AppIcon;
				ASSETCATALOG_COMPILER_GLOBAL_ACCENT_COLOR_NAME = AccentColor;
				CODE_SIGN_STYLE = Automatic;
				CURRENT_PROJECT_VERSION = 1;
				DEVELOPMENT_TEAM = 48KV35Y6PN;
				GENERATE_INFOPLIST_FILE = YES;
				INFOPLIST_FILE = Bump/Info.plist;
				INFOPLIST_KEY_UIApplicationSupportsIndirectInputEvents = YES;
				INFOPLIST_KEY_UILaunchStoryboardName = LaunchScreen;
				INFOPLIST_KEY_UISupportedInterfaceOrientations_iPad = "UIInterfaceOrientationPortrait UIInterfaceOrientationPortraitUpsideDown UIInterfaceOrientationLandscapeLeft UIInterfaceOrientationLandscapeRight";
				INFOPLIST_KEY_UISupportedInterfaceOrientations_iPhone = "UIInterfaceOrientationPortrait UIInterfaceOrientationLandscapeLeft UIInterfaceOrientationLandscapeRight";
				IPHONEOS_DEPLOYMENT_TARGET = 14.0;
				LD_RUNPATH_SEARCH_PATHS = (
					"$(inherited)",
					"@executable_path/Frameworks",
				);
				MARKETING_VERSION = 1.0;
				PRODUCT_BUNDLE_IDENTIFIER = "dev.mini-app.Bump";
				PRODUCT_NAME = "$(TARGET_NAME)";
				SWIFT_EMIT_LOC_STRINGS = YES;
				SWIFT_VERSION = 5.0;
				TARGETED_DEVICE_FAMILY = "1,2";
			};
			name = Release;
		};
		4C8339182995774700ABDAF2 /* Debug */ = {
			isa = XCBuildConfiguration;
			buildSettings = {
				ALWAYS_EMBED_SWIFT_STANDARD_LIBRARIES = YES;
				BUNDLE_LOADER = "$(TEST_HOST)";
				CODE_SIGN_STYLE = Automatic;
				CURRENT_PROJECT_VERSION = 1;
				DEVELOPMENT_TEAM = 48KV35Y6PN;
				GENERATE_INFOPLIST_FILE = YES;
				IPHONEOS_DEPLOYMENT_TARGET = 16.2;
				MARKETING_VERSION = 1.0;
				PRODUCT_BUNDLE_IDENTIFIER = "dev.mini-app.BumpTests";
				PRODUCT_NAME = "$(TARGET_NAME)";
				SWIFT_EMIT_LOC_STRINGS = NO;
				SWIFT_VERSION = 5.0;
				TARGETED_DEVICE_FAMILY = "1,2";
				TEST_HOST = "$(BUILT_PRODUCTS_DIR)/Bump.app/$(BUNDLE_EXECUTABLE_FOLDER_PATH)/Bump";
			};
			name = Debug;
		};
		4C8339192995774700ABDAF2 /* Release */ = {
			isa = XCBuildConfiguration;
			buildSettings = {
				ALWAYS_EMBED_SWIFT_STANDARD_LIBRARIES = YES;
				BUNDLE_LOADER = "$(TEST_HOST)";
				CODE_SIGN_STYLE = Automatic;
				CURRENT_PROJECT_VERSION = 1;
				DEVELOPMENT_TEAM = 48KV35Y6PN;
				GENERATE_INFOPLIST_FILE = YES;
				IPHONEOS_DEPLOYMENT_TARGET = 16.2;
				MARKETING_VERSION = 1.0;
				PRODUCT_BUNDLE_IDENTIFIER = "dev.mini-app.BumpTests";
				PRODUCT_NAME = "$(TARGET_NAME)";
				SWIFT_EMIT_LOC_STRINGS = NO;
				SWIFT_VERSION = 5.0;
				TARGETED_DEVICE_FAMILY = "1,2";
				TEST_HOST = "$(BUILT_PRODUCTS_DIR)/Bump.app/$(BUNDLE_EXECUTABLE_FOLDER_PATH)/Bump";
			};
			name = Release;
		};
		4C83391B2995774700ABDAF2 /* Debug */ = {
			isa = XCBuildConfiguration;
			buildSettings = {
				ALWAYS_EMBED_SWIFT_STANDARD_LIBRARIES = YES;
				CODE_SIGN_STYLE = Automatic;
				CURRENT_PROJECT_VERSION = 1;
				DEVELOPMENT_TEAM = 48KV35Y6PN;
				GENERATE_INFOPLIST_FILE = YES;
				MARKETING_VERSION = 1.0;
				PRODUCT_BUNDLE_IDENTIFIER = "dev.mini-app.BumpUITests";
				PRODUCT_NAME = "$(TARGET_NAME)";
				SWIFT_EMIT_LOC_STRINGS = NO;
				SWIFT_VERSION = 5.0;
				TARGETED_DEVICE_FAMILY = "1,2";
				TEST_TARGET_NAME = Bump;
			};
			name = Debug;
		};
		4C83391C2995774700ABDAF2 /* Release */ = {
			isa = XCBuildConfiguration;
			buildSettings = {
				ALWAYS_EMBED_SWIFT_STANDARD_LIBRARIES = YES;
				CODE_SIGN_STYLE = Automatic;
				CURRENT_PROJECT_VERSION = 1;
				DEVELOPMENT_TEAM = 48KV35Y6PN;
				GENERATE_INFOPLIST_FILE = YES;
				MARKETING_VERSION = 1.0;
				PRODUCT_BUNDLE_IDENTIFIER = "dev.mini-app.BumpUITests";
				PRODUCT_NAME = "$(TARGET_NAME)";
				SWIFT_EMIT_LOC_STRINGS = NO;
				SWIFT_VERSION = 5.0;
				TARGETED_DEVICE_FAMILY = "1,2";
				TEST_TARGET_NAME = Bump;
			};
			name = Release;
		};
/* End XCBuildConfiguration section */

/* Begin XCConfigurationList section */
		4C8338E22995774500ABDAF2 /* Build configuration list for PBXProject "Bump" */ = {
			isa = XCConfigurationList;
			buildConfigurations = (
				4C8339122995774700ABDAF2 /* Debug */,
				4C8339132995774700ABDAF2 /* Release */,
			);
			defaultConfigurationIsVisible = 0;
			defaultConfigurationName = Release;
		};
		4C8339142995774700ABDAF2 /* Build configuration list for PBXNativeTarget "Bump" */ = {
			isa = XCConfigurationList;
			buildConfigurations = (
				4C8339152995774700ABDAF2 /* Debug */,
				4C8339162995774700ABDAF2 /* Release */,
			);
			defaultConfigurationIsVisible = 0;
			defaultConfigurationName = Release;
		};
		4C8339172995774700ABDAF2 /* Build configuration list for PBXNativeTarget "BumpTests" */ = {
			isa = XCConfigurationList;
			buildConfigurations = (
				4C8339182995774700ABDAF2 /* Debug */,
				4C8339192995774700ABDAF2 /* Release */,
			);
			defaultConfigurationIsVisible = 0;
			defaultConfigurationName = Release;
		};
		4C83391A2995774700ABDAF2 /* Build configuration list for PBXNativeTarget "BumpUITests" */ = {
			isa = XCConfigurationList;
			buildConfigurations = (
				4C83391B2995774700ABDAF2 /* Debug */,
				4C83391C2995774700ABDAF2 /* Release */,
			);
			defaultConfigurationIsVisible = 0;
			defaultConfigurationName = Release;
		};
/* End XCConfigurationList section */

/* Begin XCVersionGroup section */
		4C8338F32995774500ABDAF2 /* Bump.xcdatamodeld */ = {
			isa = XCVersionGroup;
			children = (
				4C8338F42995774500ABDAF2 /* Bump.xcdatamodel */,
			);
			currentVersion = 4C8338F42995774500ABDAF2 /* Bump.xcdatamodel */;
			path = Bump.xcdatamodeld;
			sourceTree = "<group>";
			versionGroupType = wrapper.xcdatamodel;
		};
/* End XCVersionGroup section */
	};
	rootObject = 4C8338DF2995774500ABDAF2 /* Project object */;
}
